
Microsoft Visual Studio Solution File, Format Version 12.00
# Visual Studio 15
VisualStudioVersion = 15.0.26124.0
MinimumVisualStudioVersion = 15.0.26124.0
Project("{FAE04EC0-301F-11D3-BF4B-00C04F79EFBC}") = "EpicSerializer", "EpicSerializer\EpicSerializer.csproj", "{F9EC8A6B-4C06-4BFE-A33D-0B4A2104C2C3}"
EndProject
Project("{FAE04EC0-301F-11D3-BF4B-00C04F79EFBC}") = "EpicSerializerTest", "EpicSerializerTest\EpicSerializerTest.csproj", "{0394A780-ABAF-493C-89FA-4B325319BEA2}"
EndProject
Global
	GlobalSection(SolutionConfigurationPlatforms) = preSolution
		Debug|Any CPU = Debug|Any CPU
		Debug|x64 = Debug|x64
		Debug|x86 = Debug|x86
		Release|Any CPU = Release|Any CPU
		Release|x64 = Release|x64
		Release|x86 = Release|x86
	EndGlobalSection
	GlobalSection(SolutionProperties) = preSolution
		HideSolutionNode = FALSE
	EndGlobalSection
	GlobalSection(ProjectConfigurationPlatforms) = postSolution
		{F9EC8A6B-4C06-4BFE-A33D-0B4A2104C2C3}.Debug|Any CPU.ActiveCfg = Debug|Any CPU
		{F9EC8A6B-4C06-4BFE-A33D-0B4A2104C2C3}.Debug|Any CPU.Build.0 = Debug|Any CPU
		{F9EC8A6B-4C06-4BFE-A33D-0B4A2104C2C3}.Debug|x64.ActiveCfg = Debug|x64
		{F9EC8A6B-4C06-4BFE-A33D-0B4A2104C2C3}.Debug|x64.Build.0 = Debug|x64
		{F9EC8A6B-4C06-4BFE-A33D-0B4A2104C2C3}.Debug|x86.ActiveCfg = Debug|x86
		{F9EC8A6B-4C06-4BFE-A33D-0B4A2104C2C3}.Debug|x86.Build.0 = Debug|x86
		{F9EC8A6B-4C06-4BFE-A33D-0B4A2104C2C3}.Release|Any CPU.ActiveCfg = Release|Any CPU
		{F9EC8A6B-4C06-4BFE-A33D-0B4A2104C2C3}.Release|Any CPU.Build.0 = Release|Any CPU
		{F9EC8A6B-4C06-4BFE-A33D-0B4A2104C2C3}.Release|x64.ActiveCfg = Release|x64
		{F9EC8A6B-4C06-4BFE-A33D-0B4A2104C2C3}.Release|x64.Build.0 = Release|x64
		{F9EC8A6B-4C06-4BFE-A33D-0B4A2104C2C3}.Release|x86.ActiveCfg = Release|x86
		{F9EC8A6B-4C06-4BFE-A33D-0B4A2104C2C3}.Release|x86.Build.0 = Release|x86
		{0394A780-ABAF-493C-89FA-4B325319BEA2}.Debug|Any CPU.ActiveCfg = Debug|Any CPU
		{0394A780-ABAF-493C-89FA-4B325319BEA2}.Debug|Any CPU.Build.0 = Debug|Any CPU
		{0394A780-ABAF-493C-89FA-4B325319BEA2}.Debug|x64.ActiveCfg = Debug|x64
		{0394A780-ABAF-493C-89FA-4B325319BEA2}.Debug|x64.Build.0 = Debug|x64
		{0394A780-ABAF-493C-89FA-4B325319BEA2}.Debug|x86.ActiveCfg = Debug|x86
		{0394A780-ABAF-493C-89FA-4B325319BEA2}.Debug|x86.Build.0 = Debug|x86
		{0394A780-ABAF-493C-89FA-4B325319BEA2}.Release|Any CPU.ActiveCfg = Release|Any CPU
		{0394A780-ABAF-493C-89FA-4B325319BEA2}.Release|Any CPU.Build.0 = Release|Any CPU
		{0394A780-ABAF-493C-89FA-4B325319BEA2}.Release|x64.ActiveCfg = Release|x64
		{0394A780-ABAF-493C-89FA-4B325319BEA2}.Release|x64.Build.0 = Release|x64
		{0394A780-ABAF-493C-89FA-4B325319BEA2}.Release|x86.ActiveCfg = Release|x86
		{0394A780-ABAF-493C-89FA-4B325319BEA2}.Release|x86.Build.0 = Release|x86
	EndGlobalSection
EndGlobal
